<?xml version="1.0" encoding="utf-8"?>
<Project ToolsVersion="4.0" xmlns="http://schemas.microsoft.com/developer/msbuild/2003">
  <ItemGroup>
    <Filter Include="src">
      <UniqueIdentifier>{2DAB880B-99B4-887C-2230-9F7C8E38947C}</UniqueIdentifier>
    </Filter>
    <Filter Include="src\core">
      <UniqueIdentifier>{C55F2ECF-B12C-89DA-DA45-7782C671BE68}</UniqueIdentifier>
    </Filter>
    <Filter Include="src\core\Application">
      <UniqueIdentifier>{086B941D-F4F9-1DE7-9D18-32E289862E8D}</UniqueIdentifier>
    </Filter>
    <Filter Include="src\core\Application\private">
      <UniqueIdentifier>{1222DE37-FEDC-CDE3-A794-462E932E1874}</UniqueIdentifier>
    </Filter>
    <Filter Include="src\core\Common">
      <UniqueIdentifier>{5D5D6732-C9E8-D4F6-D2F9-57EB3E0431F7}</UniqueIdentifier>
    </Filter>
    <Filter Include="src\core\Editor">
      <UniqueIdentifier>{5B8D4836-C718-B6FA-D029-39EF3C3412FB}</UniqueIdentifier>
    </Filter>
    <Filter Include="src\core\Main">
      <UniqueIdentifier>{596608E5-C526-841B-8E61-CD98FAE0C8F7}</UniqueIdentifier>
    </Filter>
    <Filter Include="src\core\Renderer">
      <UniqueIdentifier>{0B317641-7747-74D7-C0BE-FFF82C14455F}</UniqueIdentifier>
    </Filter>
    <Filter Include="src\core\Renderer\private">
      <UniqueIdentifier>{153B9B49-81FD-CED3-CAAD-5D6036AFA7B1}</UniqueIdentifier>
    </Filter>
    <Filter Include="src\core\Renderer\private\Camera">
      <UniqueIdentifier>{EDE50460-D936-F0A1-029B-DE63EE4A830B}</UniqueIdentifier>
    </Filter>
    <Filter Include="src\core\Renderer\private\CudaMath">
      <UniqueIdentifier>{EBC90763-D705-0BCD-4018-23C42C73B3E7}</UniqueIdentifier>
    </Filter>
    <Filter Include="src\core\Renderer\private\Kernel">
      <UniqueIdentifier>{856FF972-71C0-E4B4-9A24-D37686D4771E}</UniqueIdentifier>
    </Filter>
    <Filter Include="thirdparty">
      <UniqueIdentifier>{50A5DA7C-3C5D-1CCA-A564-F525913BB7BA}</UniqueIdentifier>
    </Filter>
    <Filter Include="thirdparty\stb_image">
      <UniqueIdentifier>{EA39E0BF-D6C8-6989-7FE7-7D846B557A2F}</UniqueIdentifier>
    </Filter>
  </ItemGroup>
  <ItemGroup>
    <ClInclude Include="src\Editor\Application\Application.hpp">
      <Filter>src\core\Application</Filter>
    </ClInclude>
    <ClInclude Include="src\Editor\Application\private\Layer.hpp">
      <Filter>src\core\Application\private</Filter>
    </ClInclude>
    <ClInclude Include="src\Core\Common\Managed.cuh">
      <Filter>src\core\Common</Filter>
    </ClInclude>
    <ClInclude Include="src\Editor\Common\Timer.hpp">
      <Filter>src\core\Common</Filter>
    </ClInclude>
    <ClInclude Include="src\Editor\EditorLayer.hpp">
      <Filter>src\core\Editor</Filter>
    </ClInclude>
    <ClInclude Include="src\Core\Renderer.hpp">
      <Filter>src\core\Renderer</Filter>
    </ClInclude>
    <ClInclude Include="src\Core\Scene\Camera.hpp">
      <Filter>src\core\Renderer\private\Camera</Filter>
    </ClInclude>
    <ClInclude Include="src\Core\CudaMath\helper_math.cuh">
      <Filter>src\core\Renderer\private\CudaMath</Filter>
    </ClInclude>
    <ClInclude Include="src\Core\Kernel\RenderKernel.cuh">
      <Filter>src\core\Renderer\private\Kernel</Filter>
    </ClInclude>
    <ClInclude Include="thirdparty\stb_image\stb_image.h">
      <Filter>thirdparty\stb_image</Filter>
    </ClInclude>
    <ClInclude Include="thirdparty\stb_image\stb_image_write.h">
      <Filter>thirdparty\stb_image</Filter>
    </ClInclude>
    <ClInclude Include="src\Core\Scene\HostScene.hpp" />
    <ClInclude Include="src\Core\Ray.cuh" />
    <ClInclude Include="src\Core\HitPayload.cuh" />
    <ClInclude Include="src\Core\Scene\Triangle.cuh" />
    <ClInclude Include="src\Core\Kernel\Shaders\Intersection.cuh" />
    <ClInclude Include="src\Core\Kernel\Shaders\ClosestHit.cuh" />
    <ClInclude Include="src\Core\Kernel\Shaders\Miss.cuh" />
    <ClInclude Include="src\Core\Kernel\Shaders\RayGen.cuh" />
    <ClInclude Include="src\Core\CudaMath\Random.cuh" />
    <ClInclude Include="src\Core\Kernel\TraceRay.cuh" />
    <ClInclude Include="src\Core\Scene\Material.cuh" />
    <ClInclude Include="src\Core\Scene\Mesh.cuh" />
    <ClInclude Include="src\Core\Common\CudaCommon.cuh" />
    <ClInclude Include="src\Editor\Theme\EditorTheme.hpp" />
    <ClInclude Include="src\Editor\Application\private\Input.hpp" />
    <ClInclude Include="src\Core\CudaMath\physical_units.hpp" />
    <ClInclude Include="src\Core\Kernel\Shaders\AnyHit.cuh" />
    <ClInclude Include="src\Core\Kernel\Shaders\Debug.cuh" />
    <ClInclude Include="src\Editor\Application\private\KeyCodes.hpp" />
    <ClInclude Include="src\Core\Scene\RendererSettings.hpp" />
    <ClInclude Include="thirdparty\tinygltf\tiny_gltf.h" />
    <ClInclude Include="src\Core\BVH\BVHBuilder.cuh" />
    <ClInclude Include="src\Core\BVH\BVHTraversal.cuh" />
    <ClInclude Include="src\Core\Scene\Texture.hpp" />
    <ClInclude Include="src\Core\BVH\BVHNode.cuh" />
    <ClInclude Include="src\Core\Bounds.cuh" />
    <ClInclude Include="src\Core\Scene\Vertex.cuh" />
    <ClInclude Include="src\Core\Sampler.cuh" />
    <ClInclude Include="src\Core\Interval.cuh" />
    <ClInclude Include="src\Core\Public\DustRayTracer.hpp" />
    <ClInclude Include="src\Editor\Panels\MaterialManagerPanel.hpp" />
    <ClInclude Include="src\Editor\Panels\RendererMetricsPanel.hpp" />
    <ClInclude Include="src\Core\CudaMath\cuda_mat.cuh" />
    <ClInclude Include="src\Core\CudaMath\Color3.cuh" />
    <ClInclude Include="src\Core\PostProcess.cuh" />
    <ClInclude Include="src\Core\BRDF.cuh" />
    <ClInclude Include="src\Core\ImportanceSampler.cuh" />
    <ClInclude Include="src\Editor\Common\dbg_macros.hpp" />
    <ClInclude Include="resource.h" />
    <ClInclude Include="src\Editor\Importer.hpp" />
    <ClInclude Include="src\Core\Scene\SceneData.cuh" />
    <ClInclude Include="src\Core\Scene\Scene.cuh" />
  </ItemGroup>
  <ItemGroup>
    <ClCompile Include="src\Editor\Application\private\Application.cpp">
      <Filter>src\core\Application\private</Filter>
    </ClCompile>
    <ClCompile Include="src\Editor\main.cpp">
      <Filter>src\core\Main</Filter>
    </ClCompile>
    <ClCompile Include="thirdparty\stb_image\stb_image.cpp">
      <Filter>thirdparty\stb_image</Filter>
    </ClCompile>
    <ClCompile Include="thirdparty\stb_image\stb_image_write.cpp">
      <Filter>thirdparty\stb_image</Filter>
    </ClCompile>
    <ClCompile Include="src\Editor\Common\Timer.cpp" />
    <ClCompile Include="src\Editor\Theme\EditorTheme.cpp" />
    <ClCompile Include="thirdparty\tinygltf\tiny_gltf.cc" />
    <ClCompile Include="src\Editor\Application\private\Input.cpp" />
    <ClCompile Include="src\Core\Scene\RendererSettings.cpp" />
    <ClCompile Include="src\Editor\Panels\RendererMetricsPanel.cpp" />
    <ClCompile Include="src\Editor\Importer.cpp" />
    <ClCompile Include="src\Editor\EditorLayer.cpp" />
    <ClCompile Include="src\Editor\Panels\MaterialManagerPanel.cpp" />
  </ItemGroup>
  <ItemGroup>
    <CudaCompile Include="src\Core\Renderer.cu" />
    <CudaCompile Include="src\Core\Scene\Camera.cu" />
    <CudaCompile Include="src\Core\Kernel\RenderKernel.cu" />
    <CudaCompile Include="reference\Cuda\kernel.cu" />
    <CudaCompile Include="src\Core\Kernel\TraceRay.cu" />
    <CudaCompile Include="src\Core\Scene\Mesh.cu" />
    <CudaCompile Include="src\Core\Scene\Scene.cu" />
    <CudaCompile Include="src\Core\Scene\Material.cu" />
    <CudaCompile Include="src\Core\Common\CudaCommon.cu" />
    <CudaCompile Include="src\Core\Kernel\Shaders\Intersection.cu" />
    <CudaCompile Include="src\Core\Scene\Texture.cu" />
    <CudaCompile Include="src\Core\Bounds.cu" />
    <CudaCompile Include="src\Core\BVH\BVHBuilder.cu" />
    <CudaCompile Include="src\Core\Interval.cu" />
    <CudaCompile Include="src\Core\CudaMath\Random.cu" />
    <CudaCompile Include="src\Core\BRDF.cu" />
    <CudaCompile Include="src\Core\ImportanceSampler.cu" />
  </ItemGroup>
  <ItemGroup>
    <ResourceCompile Include="DustRayTracer.rc" />
  </ItemGroup>
  <ItemGroup>
    <Image Include="C:\Users\subha\Downloads\animeascii256.ico" />
  </ItemGroup>
</Project>